PODS:
  - device_info (0.0.1):
    - Flutter
  - devicelocale (0.0.1):
    - Flutter
  - expanding_cards (0.0.1):
    - Flutter
  - Flutter (1.0.0)
  - flutter_native_timezone (0.0.1):
    - Flutter
  - FMDB (2.7.5):
    - FMDB/standard (= 2.7.5)
  - FMDB/standard (2.7.5)
  - get_ip (0.0.1):
    - Flutter
  - libphonenumber (0.0.1):
    - Flutter
    - libPhoneNumber-iOS
  - libPhoneNumber-iOS (0.9.15)
  - path_provider (0.0.1):
    - Flutter
  - path_provider_linux (0.0.1):
    - Flutter
  - path_provider_macos (0.0.1):
    - Flutter
  - sqflite (0.0.1):
    - Flutter
    - FMDB (~> 2.7.2)

DEPENDENCIES:
  - device_info (from `.symlinks/plugins/device_info/ios`)
  - devicelocale (from `.symlinks/plugins/devicelocale/ios`)
  - expanding_cards (from `.symlinks/plugins/expanding_cards/ios`)
  - Flutter (from `Flutter`)
  - flutter_native_timezone (from `.symlinks/plugins/flutter_native_timezone/ios`)
  - get_ip (from `.symlinks/plugins/get_ip/ios`)
  - libphonenumber (from `.symlinks/plugins/libphonenumber/ios`)
  - path_provider (from `.symlinks/plugins/path_provider/ios`)
  - path_provider_linux (from `.symlinks/plugins/path_provider_linux/ios`)
  - path_provider_macos (from `.symlinks/plugins/path_provider_macos/ios`)
  - sqflite (from `.symlinks/plugins/sqflite/ios`)

SPEC REPOS:
  trunk:
    - FMDB
    - libPhoneNumber-iOS

EXTERNAL SOURCES:
  device_info:
    :path: ".symlinks/plugins/device_info/ios"
  devicelocale:
    :path: ".symlinks/plugins/devicelocale/ios"
  expanding_cards:
    :path: ".symlinks/plugins/expanding_cards/ios"
  Flutter:
    :path: Flutter
  flutter_native_timezone:
    :path: ".symlinks/plugins/flutter_native_timezone/ios"
  get_ip:
    :path: ".symlinks/plugins/get_ip/ios"
  libphonenumber:
    :path: ".symlinks/plugins/libphonenumber/ios"
  path_provider:
    :path: ".symlinks/plugins/path_provider/ios"
  path_provider_linux:
    :path: ".symlinks/plugins/path_provider_linux/ios"
  path_provider_macos:
    :path: ".symlinks/plugins/path_provider_macos/ios"
  sqflite:
    :path: ".symlinks/plugins/sqflite/ios"

SPEC CHECKSUMS:
  device_info: d7d233b645a32c40dfdc212de5cf646ca482f175
  devicelocale: feebbe5e7a30adb8c4f83185de1b50ff19b44f00
  expanding_cards: f80f71099e537bc15af59f6e5af6356d6fabb561
  Flutter: 0e3d915762c693b495b44d77113d4970485de6ec
  flutter_native_timezone: e72ff1900460ff57cfd331d1758050c9269f3e99
  FMDB: 2ce00b547f966261cd18927a3ddb07cb6f3db82a
  get_ip: c063133e0a399ae4089048c90d6a232cb2344846
  libphonenumber: bd14d5abfc5939ab0b0767234e2d8e2593af258e
  libPhoneNumber-iOS: 0a32a9525cf8744fe02c5206eb30d571e38f7d75
  path_provider: abfe2b5c733d04e238b0d8691db0cfd63a27a93c
  path_provider_linux: 4d630dc393e1f20364f3e3b4a2ff41d9674a84e4
  path_provider_macos: f760a3c5b04357c380e2fddb6f9db6f3015897e0
  sqflite: 4001a31ff81d210346b500c55b17f4d6c7589dd0

PODFILE CHECKSUM: c34e2287a9ccaa606aeceab922830efb9a6ff69a

COCOAPODS: 1.8.4
